
Microsoft Visual Studio Solution File, Format Version 12.00
# Visual Studio Version 16
VisualStudioVersion = 16.0.31911.196
MinimumVisualStudioVersion = 10.0.40219.1
Project("{FAE04EC0-301F-11D3-BF4B-00C04F79EFBC}") = "Pair_CSharp_28.08.2022", "Pair_CSharp_28.08.2022.csproj", "{D5480F11-94AE-4C58-A4F2-F800664E691F}"
EndProject
Global
	GlobalSection(SolutionConfigurationPlatforms) = preSolution
		Debug|Any CPU = Debug|Any CPU
		Release|Any CPU = Release|Any CPU
	EndGlobalSection
	GlobalSection(ProjectConfigurationPlatforms) = postSolution
		{D5480F11-94AE-4C58-A4F2-F800664E691F}.Debug|Any CPU.ActiveCfg = Debug|Any CPU
		{D5480F11-94AE-4C58-A4F2-F800664E691F}.Debug|Any CPU.Build.0 = Debug|Any CPU
		{D5480F11-94AE-4C58-A4F2-F800664E691F}.Release|Any CPU.ActiveCfg = Release|Any CPU
		{D5480F11-94AE-4C58-A4F2-F800664E691F}.Release|Any CPU.Build.0 = Release|Any CPU
	EndGlobalSection
	GlobalSection(SolutionProperties) = preSolution
		HideSolutionNode = FALSE
	EndGlobalSection
	GlobalSection(ExtensibilityGlobals) = postSolution
		SolutionGuid = {D2627B48-03B0-458D-8FF6-798042429368}
	EndGlobalSection
EndGlobal
